// !$*UTF8*$!
{
	archiveVersion = 1;
	classes = {
	};
	objectVersion = 46;
	objects = {

/* Begin PBXBuildFile section */
		B102252F1CB033A9003DE77A /* AppDelegate.swift in Sources */ = {isa = PBXBuildFile; fileRef = B102252E1CB033A9003DE77A /* AppDelegate.swift */; };
		B10225311CB033A9003DE77A /* FirstViewController.swift in Sources */ = {isa = PBXBuildFile; fileRef = B10225301CB033A9003DE77A /* FirstViewController.swift */; };
		B10225331CB033A9003DE77A /* SecondViewController.swift in Sources */ = {isa = PBXBuildFile; fileRef = B10225321CB033A9003DE77A /* SecondViewController.swift */; };
		B10225361CB033A9003DE77A /* Main.storyboard in Resources */ = {isa = PBXBuildFile; fileRef = B10225341CB033A9003DE77A /* Main.storyboard */; };
		B10225381CB033A9003DE77A /* Assets.xcassets in Resources */ = {isa = PBXBuildFile; fileRef = B10225371CB033A9003DE77A /* Assets.xcassets */; };
		B102253B1CB033A9003DE77A /* LaunchScreen.storyboard in Resources */ = {isa = PBXBuildFile; fileRef = B10225391CB033A9003DE77A /* LaunchScreen.storyboard */; };
/* End PBXBuildFile section */

/* Begin PBXFileReference section */
		B102252B1CB033A9003DE77A /* conjuntos.app */ = {isa = PBXFileReference; explicitFileType = wrapper.application; includeInIndex = 0; path = conjuntos.app; sourceTree = BUILT_PRODUCTS_DIR; };
		B102252E1CB033A9003DE77A /* AppDelegate.swift */ = {isa = PBXFileReference; lastKnownFileType = sourcecode.swift; path = AppDelegate.swift; sourceTree = "<group>"; };
		B10225301CB033A9003DE77A /* FirstViewController.swift */ = {isa = PBXFileReference; lastKnownFileType = sourcecode.swift; path = FirstViewController.swift; sourceTree = "<group>"; };
		B10225321CB033A9003DE77A /* SecondViewController.swift */ = {isa = PBXFileReference; lastKnownFileType = sourcecode.swift; path = SecondViewController.swift; sourceTree = "<group>"; };
		B10225351CB033A9003DE77A /* Base */ = {isa = PBXFileReference; lastKnownFileType = file.storyboard; name = Base; path = Base.lproj/Main.storyboard; sourceTree = "<group>"; };
		B10225371CB033A9003DE77A /* Assets.xcassets */ = {isa = PBXFileReference; lastKnownFileType = folder.assetcatalog; path = Assets.xcassets; sourceTree = "<group>"; };
		B102253A1CB033A9003DE77A /* Base */ = {isa = PBXFileReference; lastKnownFileType = file.storyboard; name = Base; path = Base.lproj/LaunchScreen.storyboard; sourceTree = "<group>"; };
		B102253C1CB033A9003DE77A /* Info.plist */ = {isa = PBXFileReference; lastKnownFileType = text.plist.xml; path = Info.plist; sourceTree = "<group>"; };
/* End PBXFileReference section */

/* Begin PBXFrameworksBuildPhase section */
		B10225281CB033A9003DE77A /* Frameworks */ = {
			isa = PBXFrameworksBuildPhase;
			buildActionMask = 2147483647;
			files = (
			);
			runOnlyForDeploymentPostprocessing = 0;
		};
/* End PBXFrameworksBuildPhase section */

/* Begin PBXGroup section */
		B10225221CB033A9003DE77A = {
			isa = PBXGroup;
			children = (
				B102252D1CB033A9003DE77A /* conjuntos */,
				B102252C1CB033A9003DE77A /* Products */,
			);
			sourceTree = "<group>";
		};
		B102252C1CB033A9003DE77A /* Products */ = {
			isa = PBXGroup;
			children = (
				B102252B1CB033A9003DE77A /* conjuntos.app */,
			);
			name = Products;
			sourceTree = "<group>";
		};
		B102252D1CB033A9003DE77A /* conjuntos */ = {
			isa = PBXGroup;
			children = (
				B102252E1CB033A9003DE77A /* AppDelegate.swift */,
				B10225301CB033A9003DE77A /* FirstViewController.swift */,
				B10225321CB033A9003DE77A /* SecondViewController.swift */,
				B10225341CB033A9003DE77A /* Main.storyboard */,
				B10225371CB033A9003DE77A /* Assets.xcassets */,
				B10225391CB033A9003DE77A /* LaunchScreen.storyboard */,
				B102253C1CB033A9003DE77A /* Info.plist */,
			);
			path = conjuntos;
			sourceTree = "<group>";
		};
/* End PBXGroup section */

/* Begin PBXNativeTarget section */
		B102252A1CB033A9003DE77A /* conjuntos */ = {
			isa = PBXNativeTarget;
			buildConfigurationList = B102253F1CB033A9003DE77A /* Build configuration list for PBXNativeTarget "conjuntos" */;
			buildPhases = (
				B10225271CB033A9003DE77A /* Sources */,
				B10225281CB033A9003DE77A /* Frameworks */,
				B10225291CB033A9003DE77A /* Resources */,
			);
			buildRules = (
			);
			dependencies = (
			);
			name = conjuntos;
			productName = conjuntos;
			productReference = B102252B1CB033A9003DE77A /* conjuntos.app */;
			productType = "com.apple.product-type.application";
		};
/* End PBXNativeTarget section */

/* Begin PBXProject section */
		B10225231CB033A9003DE77A /* Project object */ = {
			isa = PBXProject;
			attributes = {
				LastSwiftUpdateCheck = 0710;
				LastUpgradeCheck = 0710;
				ORGANIZATIONNAME = "Mario Díaz";
				TargetAttributes = {
					B102252A1CB033A9003DE77A = {
						CreatedOnToolsVersion = 7.1.1;
					};
				};
			};
			buildConfigurationList = B10225261CB033A9003DE77A /* Build configuration list for PBXProject "conjuntos" */;
			compatibilityVersion = "Xcode 3.2";
			developmentRegion = English;
			hasScannedForEncodings = 0;
			knownRegions = (
				en,
				Base,
			);
			mainGroup = B10225221CB033A9003DE77A;
			productRefGroup = B102252C1CB033A9003DE77A /* Products */;
			projectDirPath = "";
			projectRoot = "";
			targets = (
				B102252A1CB033A9003DE77A /* conjuntos */,
			);
		};
/* End PBXProject section */

/* Begin PBXResourcesBuildPhase section */
		B10225291CB033A9003DE77A /* Resources */ = {
			isa = PBXResourcesBuildPhase;
			buildActionMask = 2147483647;
			files = (
				B102253B1CB033A9003DE77A /* LaunchScreen.storyboard in Resources */,
				B10225381CB033A9003DE77A /* Assets.xcassets in Resources */,
				B10225361CB033A9003DE77A /* Main.storyboard in Resources */,
			);
			runOnlyForDeploymentPostprocessing = 0;
		};
/* End PBXResourcesBuildPhase section */

/* Begin PBXSourcesBuildPhase section */
		B10225271CB033A9003DE77A /* Sources */ = {
			isa = PBXSourcesBuildPhase;
			buildActionMask = 2147483647;
			files = (
				B10225331CB033A9003DE77A /* SecondViewController.swift in Sources */,
				B102252F1CB033A9003DE77A /* AppDelegate.swift in Sources */,
				B10225311CB033A9003DE77A /* FirstViewController.swift in Sources */,
			);
			runOnlyForDeploymentPostprocessing = 0;
		};
/* End PBXSourcesBuildPhase section */

/* Begin PBXVariantGroup section */
		B10225341CB033A9003DE77A /* Main.storyboard */ = {
			isa = PBXVariantGroup;
			children = (
				B10225351CB033A9003DE77A /* Base */,
			);
			name = Main.storyboard;
			sourceTree = "<group>";
		};
		B10225391CB033A9003DE77A /* LaunchScreen.storyboard */ = {
			isa = PBXVariantGroup;
			children = (
				B102253A1CB033A9003DE77A /* Base */,
			);
			name = LaunchScreen.storyboard;
			sourceTree = "<group>";
		};
/* End PBXVariantGroup section */

/* Begin XCBuildConfiguration section */
		B102253D1CB033A9003DE77A /* Debug */ = {
			isa = XCBuildConfiguration;
			buildSettings = {
				ALWAYS_SEARCH_USER_PATHS = NO;
				CLANG_CXX_LANGUAGE_STANDARD = "gnu++0x";
				CLANG_CXX_LIBRARY = "libc++";
				CLANG_ENABLE_MODULES = YES;
				CLANG_ENABLE_OBJC_ARC = YES;
				CLANG_WARN_BOOL_CONVERSION = YES;
				CLANG_WARN_CONSTANT_CONVERSION = YES;
				CLANG_WARN_DIRECT_OBJC_ISA_USAGE = YES_ERROR;
				CLANG_WARN_EMPTY_BODY = YES;
				CLANG_WARN_ENUM_CONVERSION = YES;
				CLANG_WARN_INT_CONVERSION = YES;
				CLANG_WARN_OBJC_ROOT_CLASS = YES_ERROR;
				CLANG_WARN_UNREACHABLE_CODE = YES;
				CLANG_WARN__DUPLICATE_METHOD_MATCH = YES;
				"CODE_SIGN_IDENTITY[sdk=iphoneos*]" = "iPhone Developer";
				COPY_PHASE_STRIP = NO;
				DEBUG_INFORMATION_FORMAT = dwarf;
				ENABLE_STRICT_OBJC_MSGSEND = YES;
				ENABLE_TESTABILITY = YES;
				GCC_C_LANGUAGE_STANDARD = gnu99;
				GCC_DYNAMIC_NO_PIC = NO;
				GCC_NO_COMMON_BLOCKS = YES;
				GCC_OPTIMIZATION_LEVEL = 0;
				GCC_PREPROCESSOR_DEFINITIONS = (
					"DEBUG=1",
					"$(inherited)",
				);
				GCC_WARN_64_TO_32_BIT_CONVERSION = YES;
				GCC_WARN_ABOUT_RETURN_TYPE = YES_ERROR;
				GCC_WARN_UNDECLARED_SELECTOR = YES;
				GCC_WARN_UNINITIALIZED_AUTOS = YES_AGGRESSIVE;
				GCC_WARN_UNUSED_FUNCTION = YES;
				GCC_WARN_UNUSED_VARIABLE = YES;
				IPHONEOS_DEPLOYMENT_TARGET = 9.1;
				MTL_ENABLE_DEBUG_INFO = YES;
				ONLY_ACTIVE_ARCH = YES;
				SDKROOT = iphoneos;
				SWIFT_OPTIMIZATION_LEVEL = "-Onone";
			};
			name = Debug;
		};
		B102253E1CB033A9003DE77A /* Release */ = {
			isa = XCBuildConfiguration;
			buildSettings = {
				ALWAYS_SEARCH_USER_PATHS = NO;
				CLANG_CXX_LANGUAGE_STANDARD = "gnu++0x";
				CLANG_CXX_LIBRARY = "libc++";
				CLANG_ENABLE_MODULES = YES;
				CLANG_ENABLE_OBJC_ARC = YES;
				CLANG_WARN_BOOL_CONVERSION = YES;
				CLANG_WARN_CONSTANT_CONVERSION = YES;
				CLANG_WARN_DIRECT_OBJC_ISA_USAGE = YES_ERROR;
				CLANG_WARN_EMPTY_BODY = YES;
				CLANG_WARN_ENUM_CONVERSION = YES;
				CLANG_WARN_INT_CONVERSION = YES;
				CLANG_WARN_OBJC_ROOT_CLASS = YES_ERROR;
				CLANG_WARN_UNREACHABLE_CODE = YES;
				CLANG_WARN__DUPLICATE_METHOD_MATCH = YES;
				"CODE_SIGN_IDENTITY[sdk=iphoneos*]" = "iPhone Developer";
				COPY_PHASE_STRIP = NO;
				DEBUG_INFORMATION_FORMAT = "dwarf-with-dsym";
				ENABLE_NS_ASSERTIONS = NO;
				ENABLE_STRICT_OBJC_MSGSEND = YES;
				GCC_C_LANGUAGE_STANDARD = gnu99;
				GCC_NO_COMMON_BLOCKS = YES;
				GCC_WARN_64_TO_32_BIT_CONVERSION = YES;
				GCC_WARN_ABOUT_RETURN_TYPE = YES_ERROR;
				GCC_WARN_UNDECLARED_SELECTOR = YES;
				GCC_WARN_UNINITIALIZED_AUTOS = YES_AGGRESSIVE;
				GCC_WARN_UNUSED_FUNCTION = YES;
				GCC_WARN_UNUSED_VARIABLE = YES;
				IPHONEOS_DEPLOYMENT_TARGET = 9.1;
				MTL_ENABLE_DEBUG_INFO = NO;
				SDKROOT = iphoneos;
				VALIDATE_PRODUCT = YES;
			};
			name = Release;
		};
		B10225401CB033A9003DE77A /* Debug */ = {
			isa = XCBuildConfiguration;
			buildSettings = {
				ASSETCATALOG_COMPILER_APPICON_NAME = AppIcon;
				INFOPLIST_FILE = conjuntos/Info.plist;
				LD_RUNPATH_SEARCH_PATHS = "$(inherited) @executable_path/Frameworks";
				PRODUCT_BUNDLE_IDENTIFIER = itesm.conjuntos;
				PRODUCT_NAME = "$(TARGET_NAME)";
			};
			name = Debug;
		};
		B10225411CB033A9003DE77A /* Release */ = {
			isa = XCBuildConfiguration;
			buildSettings = {
				ASSETCATALOG_COMPILER_APPICON_NAME = AppIcon;
				INFOPLIST_FILE = conjuntos/Info.plist;
				LD_RUNPATH_SEARCH_PATHS = "$(inherited) @executable_path/Frameworks";
				PRODUCT_BUNDLE_IDENTIFIER = itesm.conjuntos;
				PRODUCT_NAME = "$(TARGET_NAME)";
			};
			name = Release;
		};
/* End XCBuildConfiguration section */

/* Begin XCConfigurationList section */
		B10225261CB033A9003DE77A /* Build configuration list for PBXProject "conjuntos" */ = {
			isa = XCConfigurationList;
			buildConfigurations = (
				B102253D1CB033A9003DE77A /* Debug */,
				B102253E1CB033A9003DE77A /* Release */,
			);
			defaultConfigurationIsVisible = 0;
			defaultConfigurationName = Release;
		};
		B102253F1CB033A9003DE77A /* Build configuration list for PBXNativeTarget "conjuntos" */ = {
			isa = XCConfigurationList;
			buildConfigurations = (
				B10225401CB033A9003DE77A /* Debug */,
				B10225411CB033A9003DE77A /* Release */,
			);
			defaultConfigurationIsVisible = 0;
		};
/* End XCConfigurationList section */
	};
	rootObject = B10225231CB033A9003DE77A /* Project object */;
}
